{
  "name": "usecustompackage",
  "version": "1.0.0",
  "lockfileVersion": 3,
  "requires": true,
  "packages": {
    "": {
      "name": "usecustompackage",
      "version": "1.0.0",
      "license": "ISC",
      "dependencies": {
        "publishingpackage-furrukh": "^1.0.0"
      }
    },
    "node_modules/publishingpackage-furrukh": {
      "version": "1.0.0",
      "resolved": "https://registry.npmjs.org/publishingpackage-furrukh/-/publishingpackage-furrukh-1.0.0.tgz",
      "integrity": "sha512-L4/Qgq8gShWMVakHbzom231a+mldMQ6zMKguV49zbmN7JGL5rzBQkIFy9BT/QHMlB1QlPoIdii3VepFIO5uk4g=="
    }
  }
}
